// !$*UTF8*$!
{
	archiveVersion = 1;
	classes = {
	};
	objectVersion = 48;
	objects = {

/* Begin PBXBuildFile section */
		38E381531FDEFB2D00BC2D15 /* AppDelegate.swift in Sources */ = {isa = PBXBuildFile; fileRef = 38E381521FDEFB2D00BC2D15 /* AppDelegate.swift */; };
		38E381551FDEFB2D00BC2D15 /* ViewController.swift in Sources */ = {isa = PBXBuildFile; fileRef = 38E381541FDEFB2D00BC2D15 /* ViewController.swift */; };
		38E381581FDEFB2D00BC2D15 /* Main.storyboard in Resources */ = {isa = PBXBuildFile; fileRef = 38E381561FDEFB2D00BC2D15 /* Main.storyboard */; };
		38E3815A1FDEFB2D00BC2D15 /* Assets.xcassets in Resources */ = {isa = PBXBuildFile; fileRef = 38E381591FDEFB2D00BC2D15 /* Assets.xcassets */; };
		38E3815D1FDEFB2D00BC2D15 /* LaunchScreen.storyboard in Resources */ = {isa = PBXBuildFile; fileRef = 38E3815B1FDEFB2D00BC2D15 /* LaunchScreen.storyboard */; };
		38E381681FDEFB2D00BC2D15 /* GitHubTestTests.swift in Sources */ = {isa = PBXBuildFile; fileRef = 38E381671FDEFB2D00BC2D15 /* GitHubTestTests.swift */; };
		38E381731FDEFB2D00BC2D15 /* GitHubTestUITests.swift in Sources */ = {isa = PBXBuildFile; fileRef = 38E381721FDEFB2D00BC2D15 /* GitHubTestUITests.swift */; };
/* End PBXBuildFile section */

/* Begin PBXContainerItemProxy section */
		38E381641FDEFB2D00BC2D15 /* PBXContainerItemProxy */ = {
			isa = PBXContainerItemProxy;
			containerPortal = 38E381471FDEFB2D00BC2D15 /* Project object */;
			proxyType = 1;
			remoteGlobalIDString = 38E3814E1FDEFB2D00BC2D15;
			remoteInfo = GitHubTest;
		};
		38E3816F1FDEFB2D00BC2D15 /* PBXContainerItemProxy */ = {
			isa = PBXContainerItemProxy;
			containerPortal = 38E381471FDEFB2D00BC2D15 /* Project object */;
			proxyType = 1;
			remoteGlobalIDString = 38E3814E1FDEFB2D00BC2D15;
			remoteInfo = GitHubTest;
		};
/* End PBXContainerItemProxy section */

/* Begin PBXFileReference section */
		38E3814F1FDEFB2D00BC2D15 /* GitHubTest.app */ = {isa = PBXFileReference; explicitFileType = wrapper.application; includeInIndex = 0; path = GitHubTest.app; sourceTree = BUILT_PRODUCTS_DIR; };
		38E381521FDEFB2D00BC2D15 /* AppDelegate.swift */ = {isa = PBXFileReference; lastKnownFileType = sourcecode.swift; path = AppDelegate.swift; sourceTree = "<group>"; };
		38E381541FDEFB2D00BC2D15 /* ViewController.swift */ = {isa = PBXFileReference; lastKnownFileType = sourcecode.swift; path = ViewController.swift; sourceTree = "<group>"; };
		38E381571FDEFB2D00BC2D15 /* Base */ = {isa = PBXFileReference; lastKnownFileType = file.storyboard; name = Base; path = Base.lproj/Main.storyboard; sourceTree = "<group>"; };
		38E381591FDEFB2D00BC2D15 /* Assets.xcassets */ = {isa = PBXFileReference; lastKnownFileType = folder.assetcatalog; path = Assets.xcassets; sourceTree = "<group>"; };
		38E3815C1FDEFB2D00BC2D15 /* Base */ = {isa = PBXFileReference; lastKnownFileType = file.storyboard; name = Base; path = Base.lproj/LaunchScreen.storyboard; sourceTree = "<group>"; };
		38E3815E1FDEFB2D00BC2D15 /* Info.plist */ = {isa = PBXFileReference; lastKnownFileType = text.plist.xml; path = Info.plist; sourceTree = "<group>"; };
		38E381631FDEFB2D00BC2D15 /* GitHubTestTests.xctest */ = {isa = PBXFileReference; explicitFileType = wrapper.cfbundle; includeInIndex = 0; path = GitHubTestTests.xctest; sourceTree = BUILT_PRODUCTS_DIR; };
		38E381671FDEFB2D00BC2D15 /* GitHubTestTests.swift */ = {isa = PBXFileReference; lastKnownFileType = sourcecode.swift; path = GitHubTestTests.swift; sourceTree = "<group>"; };
		38E381691FDEFB2D00BC2D15 /* Info.plist */ = {isa = PBXFileReference; lastKnownFileType = text.plist.xml; path = Info.plist; sourceTree = "<group>"; };
		38E3816E1FDEFB2D00BC2D15 /* GitHubTestUITests.xctest */ = {isa = PBXFileReference; explicitFileType = wrapper.cfbundle; includeInIndex = 0; path = GitHubTestUITests.xctest; sourceTree = BUILT_PRODUCTS_DIR; };
		38E381721FDEFB2D00BC2D15 /* GitHubTestUITests.swift */ = {isa = PBXFileReference; lastKnownFileType = sourcecode.swift; path = GitHubTestUITests.swift; sourceTree = "<group>"; };
		38E381741FDEFB2D00BC2D15 /* Info.plist */ = {isa = PBXFileReference; lastKnownFileType = text.plist.xml; path = Info.plist; sourceTree = "<group>"; };
/* End PBXFileReference section */

/* Begin PBXFrameworksBuildPhase section */
		38E3814C1FDEFB2D00BC2D15 /* Frameworks */ = {
			isa = PBXFrameworksBuildPhase;
			buildActionMask = 2147483647;
			files = (
			);
			runOnlyForDeploymentPostprocessing = 0;
		};
		38E381601FDEFB2D00BC2D15 /* Frameworks */ = {
			isa = PBXFrameworksBuildPhase;
			buildActionMask = 2147483647;
			files = (
			);
			runOnlyForDeploymentPostprocessing = 0;
		};
		38E3816B1FDEFB2D00BC2D15 /* Frameworks */ = {
			isa = PBXFrameworksBuildPhase;
			buildActionMask = 2147483647;
			files = (
			);
			runOnlyForDeploymentPostprocessing = 0;
		};
/* End PBXFrameworksBuildPhase section */

/* Begin PBXGroup section */
		38E381461FDEFB2D00BC2D15 = {
			isa = PBXGroup;
			children = (
				38E381511FDEFB2D00BC2D15 /* GitHubTest */,
				38E381661FDEFB2D00BC2D15 /* GitHubTestTests */,
				38E381711FDEFB2D00BC2D15 /* GitHubTestUITests */,
				38E381501FDEFB2D00BC2D15 /* Products */,
			);
			sourceTree = "<group>";
		};
		38E381501FDEFB2D00BC2D15 /* Products */ = {
			isa = PBXGroup;
			children = (
				38E3814F1FDEFB2D00BC2D15 /* GitHubTest.app */,
				38E381631FDEFB2D00BC2D15 /* GitHubTestTests.xctest */,
				38E3816E1FDEFB2D00BC2D15 /* GitHubTestUITests.xctest */,
			);
			name = Products;
			sourceTree = "<group>";
		};
		38E381511FDEFB2D00BC2D15 /* GitHubTest */ = {
			isa = PBXGroup;
			children = (
				38E381521FDEFB2D00BC2D15 /* AppDelegate.swift */,
				38E381541FDEFB2D00BC2D15 /* ViewController.swift */,
				38E381561FDEFB2D00BC2D15 /* Main.storyboard */,
				38E381591FDEFB2D00BC2D15 /* Assets.xcassets */,
				38E3815B1FDEFB2D00BC2D15 /* LaunchScreen.storyboard */,
				38E3815E1FDEFB2D00BC2D15 /* Info.plist */,
			);
			path = GitHubTest;
			sourceTree = "<group>";
		};
		38E381661FDEFB2D00BC2D15 /* GitHubTestTests */ = {
			isa = PBXGroup;
			children = (
				38E381671FDEFB2D00BC2D15 /* GitHubTestTests.swift */,
				38E381691FDEFB2D00BC2D15 /* Info.plist */,
			);
			path = GitHubTestTests;
			sourceTree = "<group>";
		};
		38E381711FDEFB2D00BC2D15 /* GitHubTestUITests */ = {
			isa = PBXGroup;
			children = (
				38E381721FDEFB2D00BC2D15 /* GitHubTestUITests.swift */,
				38E381741FDEFB2D00BC2D15 /* Info.plist */,
			);
			path = GitHubTestUITests;
			sourceTree = "<group>";
		};
/* End PBXGroup section */

/* Begin PBXNativeTarget section */
		38E3814E1FDEFB2D00BC2D15 /* GitHubTest */ = {
			isa = PBXNativeTarget;
			buildConfigurationList = 38E381771FDEFB2D00BC2D15 /* Build configuration list for PBXNativeTarget "GitHubTest" */;
			buildPhases = (
				38E3814B1FDEFB2D00BC2D15 /* Sources */,
				38E3814C1FDEFB2D00BC2D15 /* Frameworks */,
				38E3814D1FDEFB2D00BC2D15 /* Resources */,
			);
			buildRules = (
			);
			dependencies = (
			);
			name = GitHubTest;
			productName = GitHubTest;
			productReference = 38E3814F1FDEFB2D00BC2D15 /* GitHubTest.app */;
			productType = "com.apple.product-type.application";
		};
		38E381621FDEFB2D00BC2D15 /* GitHubTestTests */ = {
			isa = PBXNativeTarget;
			buildConfigurationList = 38E3817A1FDEFB2D00BC2D15 /* Build configuration list for PBXNativeTarget "GitHubTestTests" */;
			buildPhases = (
				38E3815F1FDEFB2D00BC2D15 /* Sources */,
				38E381601FDEFB2D00BC2D15 /* Frameworks */,
				38E381611FDEFB2D00BC2D15 /* Resources */,
			);
			buildRules = (
			);
			dependencies = (
				38E381651FDEFB2D00BC2D15 /* PBXTargetDependency */,
			);
			name = GitHubTestTests;
			productName = GitHubTestTests;
			productReference = 38E381631FDEFB2D00BC2D15 /* GitHubTestTests.xctest */;
			productType = "com.apple.product-type.bundle.unit-test";
		};
		38E3816D1FDEFB2D00BC2D15 /* GitHubTestUITests */ = {
			isa = PBXNativeTarget;
			buildConfigurationList = 38E3817D1FDEFB2D00BC2D15 /* Build configuration list for PBXNativeTarget "GitHubTestUITests" */;
			buildPhases = (
				38E3816A1FDEFB2D00BC2D15 /* Sources */,
				38E3816B1FDEFB2D00BC2D15 /* Frameworks */,
				38E3816C1FDEFB2D00BC2D15 /* Resources */,
			);
			buildRules = (
			);
			dependencies = (
				38E381701FDEFB2D00BC2D15 /* PBXTargetDependency */,
			);
			name = GitHubTestUITests;
			productName = GitHubTestUITests;
			productReference = 38E3816E1FDEFB2D00BC2D15 /* GitHubTestUITests.xctest */;
			productType = "com.apple.product-type.bundle.ui-testing";
		};
/* End PBXNativeTarget section */

/* Begin PBXProject section */
		38E381471FDEFB2D00BC2D15 /* Project object */ = {
			isa = PBXProject;
			attributes = {
				LastSwiftUpdateCheck = 0920;
				LastUpgradeCheck = 0920;
				ORGANIZATIONNAME = "Emre Ilgin";
				TargetAttributes = {
					38E3814E1FDEFB2D00BC2D15 = {
						CreatedOnToolsVersion = 9.2;
						ProvisioningStyle = Automatic;
					};
					38E381621FDEFB2D00BC2D15 = {
						CreatedOnToolsVersion = 9.2;
						ProvisioningStyle = Automatic;
						TestTargetID = 38E3814E1FDEFB2D00BC2D15;
					};
					38E3816D1FDEFB2D00BC2D15 = {
						CreatedOnToolsVersion = 9.2;
						ProvisioningStyle = Automatic;
						TestTargetID = 38E3814E1FDEFB2D00BC2D15;
					};
				};
			};
			buildConfigurationList = 38E3814A1FDEFB2D00BC2D15 /* Build configuration list for PBXProject "GitHubTest" */;
			compatibilityVersion = "Xcode 8.0";
			developmentRegion = en;
			hasScannedForEncodings = 0;
			knownRegions = (
				en,
				Base,
			);
			mainGroup = 38E381461FDEFB2D00BC2D15;
			productRefGroup = 38E381501FDEFB2D00BC2D15 /* Products */;
			projectDirPath = "";
			projectRoot = "";
			targets = (
				38E3814E1FDEFB2D00BC2D15 /* GitHubTest */,
				38E381621FDEFB2D00BC2D15 /* GitHubTestTests */,
				38E3816D1FDEFB2D00BC2D15 /* GitHubTestUITests */,
			);
		};
/* End PBXProject section */

/* Begin PBXResourcesBuildPhase section */
		38E3814D1FDEFB2D00BC2D15 /* Resources */ = {
			isa = PBXResourcesBuildPhase;
			buildActionMask = 2147483647;
			files = (
				38E3815D1FDEFB2D00BC2D15 /* LaunchScreen.storyboard in Resources */,
				38E3815A1FDEFB2D00BC2D15 /* Assets.xcassets in Resources */,
				38E381581FDEFB2D00BC2D15 /* Main.storyboard in Resources */,
			);
			runOnlyForDeploymentPostprocessing = 0;
		};
		38E381611FDEFB2D00BC2D15 /* Resources */ = {
			isa = PBXResourcesBuildPhase;
			buildActionMask = 2147483647;
			files = (
			);
			runOnlyForDeploymentPostprocessing = 0;
		};
		38E3816C1FDEFB2D00BC2D15 /* Resources */ = {
			isa = PBXResourcesBuildPhase;
			buildActionMask = 2147483647;
			files = (
			);
			runOnlyForDeploymentPostprocessing = 0;
		};
/* End PBXResourcesBuildPhase section */

/* Begin PBXSourcesBuildPhase section */
		38E3814B1FDEFB2D00BC2D15 /* Sources */ = {
			isa = PBXSourcesBuildPhase;
			buildActionMask = 2147483647;
			files = (
				38E381551FDEFB2D00BC2D15 /* ViewController.swift in Sources */,
				38E381531FDEFB2D00BC2D15 /* AppDelegate.swift in Sources */,
			);
			runOnlyForDeploymentPostprocessing = 0;
		};
		38E3815F1FDEFB2D00BC2D15 /* Sources */ = {
			isa = PBXSourcesBuildPhase;
			buildActionMask = 2147483647;
			files = (
				38E381681FDEFB2D00BC2D15 /* GitHubTestTests.swift in Sources */,
			);
			runOnlyForDeploymentPostprocessing = 0;
		};
		38E3816A1FDEFB2D00BC2D15 /* Sources */ = {
			isa = PBXSourcesBuildPhase;
			buildActionMask = 2147483647;
			files = (
				38E381731FDEFB2D00BC2D15 /* GitHubTestUITests.swift in Sources */,
			);
			runOnlyForDeploymentPostprocessing = 0;
		};
/* End PBXSourcesBuildPhase section */

/* Begin PBXTargetDependency section */
		38E381651FDEFB2D00BC2D15 /* PBXTargetDependency */ = {
			isa = PBXTargetDependency;
			target = 38E3814E1FDEFB2D00BC2D15 /* GitHubTest */;
			targetProxy = 38E381641FDEFB2D00BC2D15 /* PBXContainerItemProxy */;
		};
		38E381701FDEFB2D00BC2D15 /* PBXTargetDependency */ = {
			isa = PBXTargetDependency;
			target = 38E3814E1FDEFB2D00BC2D15 /* GitHubTest */;
			targetProxy = 38E3816F1FDEFB2D00BC2D15 /* PBXContainerItemProxy */;
		};
/* End PBXTargetDependency section */

/* Begin PBXVariantGroup section */
		38E381561FDEFB2D00BC2D15 /* Main.storyboard */ = {
			isa = PBXVariantGroup;
			children = (
				38E381571FDEFB2D00BC2D15 /* Base */,
			);
			name = Main.storyboard;
			sourceTree = "<group>";
		};
		38E3815B1FDEFB2D00BC2D15 /* LaunchScreen.storyboard */ = {
			isa = PBXVariantGroup;
			children = (
				38E3815C1FDEFB2D00BC2D15 /* Base */,
			);
			name = LaunchScreen.storyboard;
			sourceTree = "<group>";
		};
/* End PBXVariantGroup section */

/* Begin XCBuildConfiguration section */
		38E381751FDEFB2D00BC2D15 /* Debug */ = {
			isa = XCBuildConfiguration;
			buildSettings = {
				ALWAYS_SEARCH_USER_PATHS = NO;
				CLANG_ANALYZER_NONNULL = YES;
				CLANG_ANALYZER_NUMBER_OBJECT_CONVERSION = YES_AGGRESSIVE;
				CLANG_CXX_LANGUAGE_STANDARD = "gnu++14";
				CLANG_CXX_LIBRARY = "libc++";
				CLANG_ENABLE_MODULES = YES;
				CLANG_ENABLE_OBJC_ARC = YES;
				CLANG_WARN_BLOCK_CAPTURE_AUTORELEASING = YES;
				CLANG_WARN_BOOL_CONVERSION = YES;
				CLANG_WARN_COMMA = YES;
				CLANG_WARN_CONSTANT_CONVERSION = YES;
				CLANG_WARN_DIRECT_OBJC_ISA_USAGE = YES_ERROR;
				CLANG_WARN_DOCUMENTATION_COMMENTS = YES;
				CLANG_WARN_EMPTY_BODY = YES;
				CLANG_WARN_ENUM_CONVERSION = YES;
				CLANG_WARN_INFINITE_RECURSION = YES;
				CLANG_WARN_INT_CONVERSION = YES;
				CLANG_WARN_NON_LITERAL_NULL_CONVERSION = YES;
				CLANG_WARN_OBJC_LITERAL_CONVERSION = YES;
				CLANG_WARN_OBJC_ROOT_CLASS = YES_ERROR;
				CLANG_WARN_RANGE_LOOP_ANALYSIS = YES;
				CLANG_WARN_STRICT_PROTOTYPES = YES;
				CLANG_WARN_SUSPICIOUS_MOVE = YES;
				CLANG_WARN_UNGUARDED_AVAILABILITY = YES_AGGRESSIVE;
				CLANG_WARN_UNREACHABLE_CODE = YES;
				CLANG_WARN__DUPLICATE_METHOD_MATCH = YES;
				CODE_SIGN_IDENTITY = "iPhone Developer";
				COPY_PHASE_STRIP = NO;
				DEBUG_INFORMATION_FORMAT = dwarf;
				ENABLE_STRICT_OBJC_MSGSEND = YES;
				ENABLE_TESTABILITY = YES;
				GCC_C_LANGUAGE_STANDARD = gnu11;
				GCC_DYNAMIC_NO_PIC = NO;
				GCC_NO_COMMON_BLOCKS = YES;
				GCC_OPTIMIZATION_LEVEL = 0;
				GCC_PREPROCESSOR_DEFINITIONS = (
					"DEBUG=1",
					"$(inherited)",
				);
				GCC_WARN_64_TO_32_BIT_CONVERSION = YES;
				GCC_WARN_ABOUT_RETURN_TYPE = YES_ERROR;
				GCC_WARN_UNDECLARED_SELECTOR = YES;
				GCC_WARN_UNINITIALIZED_AUTOS = YES_AGGRESSIVE;
				GCC_WARN_UNUSED_FUNCTION = YES;
				GCC_WARN_UNUSED_VARIABLE = YES;
				IPHONEOS_DEPLOYMENT_TARGET = 11.2;
				MTL_ENABLE_DEBUG_INFO = YES;
				ONLY_ACTIVE_ARCH = YES;
				SDKROOT = iphoneos;
				SWIFT_ACTIVE_COMPILATION_CONDITIONS = DEBUG;
				SWIFT_OPTIMIZATION_LEVEL = "-Onone";
			};
			name = Debug;
		};
		38E381761FDEFB2D00BC2D15 /* Release */ = {
			isa = XCBuildConfiguration;
			buildSettings = {
				ALWAYS_SEARCH_USER_PATHS = NO;
				CLANG_ANALYZER_NONNULL = YES;
				CLANG_ANALYZER_NUMBER_OBJECT_CONVERSION = YES_AGGRESSIVE;
				CLANG_CXX_LANGUAGE_STANDARD = "gnu++14";
				CLANG_CXX_LIBRARY = "libc++";
				CLANG_ENABLE_MODULES = YES;
				CLANG_ENABLE_OBJC_ARC = YES;
				CLANG_WARN_BLOCK_CAPTURE_AUTORELEASING = YES;
				CLANG_WARN_BOOL_CONVERSION = YES;
				CLANG_WARN_COMMA = YES;
				CLANG_WARN_CONSTANT_CONVERSION = YES;
				CLANG_WARN_DIRECT_OBJC_ISA_USAGE = YES_ERROR;
				CLANG_WARN_DOCUMENTATION_COMMENTS = YES;
				CLANG_WARN_EMPTY_BODY = YES;
				CLANG_WARN_ENUM_CONVERSION = YES;
				CLANG_WARN_INFINITE_RECURSION = YES;
				CLANG_WARN_INT_CONVERSION = YES;
				CLANG_WARN_NON_LITERAL_NULL_CONVERSION = YES;
				CLANG_WARN_OBJC_LITERAL_CONVERSION = YES;
				CLANG_WARN_OBJC_ROOT_CLASS = YES_ERROR;
				CLANG_WARN_RANGE_LOOP_ANALYSIS = YES;
				CLANG_WARN_STRICT_PROTOTYPES = YES;
				CLANG_WARN_SUSPICIOUS_MOVE = YES;
				CLANG_WARN_UNGUARDED_AVAILABILITY = YES_AGGRESSIVE;
				CLANG_WARN_UNREACHABLE_CODE = YES;
				CLANG_WARN__DUPLICATE_METHOD_MATCH = YES;
				CODE_SIGN_IDENTITY = "iPhone Developer";
				COPY_PHASE_STRIP = NO;
				DEBUG_INFORMATION_FORMAT = "dwarf-with-dsym";
				ENABLE_NS_ASSERTIONS = NO;
				ENABLE_STRICT_OBJC_MSGSEND = YES;
				GCC_C_LANGUAGE_STANDARD = gnu11;
				GCC_NO_COMMON_BLOCKS = YES;
				GCC_WARN_64_TO_32_BIT_CONVERSION = YES;
				GCC_WARN_ABOUT_RETURN_TYPE = YES_ERROR;
				GCC_WARN_UNDECLARED_SELECTOR = YES;
				GCC_WARN_UNINITIALIZED_AUTOS = YES_AGGRESSIVE;
				GCC_WARN_UNUSED_FUNCTION = YES;
				GCC_WARN_UNUSED_VARIABLE = YES;
				IPHONEOS_DEPLOYMENT_TARGET = 11.2;
				MTL_ENABLE_DEBUG_INFO = NO;
				SDKROOT = iphoneos;
				SWIFT_OPTIMIZATION_LEVEL = "-Owholemodule";
				VALIDATE_PRODUCT = YES;
			};
			name = Release;
		};
		38E381781FDEFB2D00BC2D15 /* Debug */ = {
			isa = XCBuildConfiguration;
			buildSettings = {
				ASSETCATALOG_COMPILER_APPICON_NAME = AppIcon;
				CODE_SIGN_STYLE = Automatic;
				INFOPLIST_FILE = GitHubTest/Info.plist;
				LD_RUNPATH_SEARCH_PATHS = "$(inherited) @executable_path/Frameworks";
				PRODUCT_BUNDLE_IDENTIFIER = EI.GitHubTest;
				PRODUCT_NAME = "$(TARGET_NAME)";
				SWIFT_VERSION = 4.0;
				TARGETED_DEVICE_FAMILY = "1,2";
			};
			name = Debug;
		};
		38E381791FDEFB2D00BC2D15 /* Release */ = {
			isa = XCBuildConfiguration;
			buildSettings = {
				ASSETCATALOG_COMPILER_APPICON_NAME = AppIcon;
				CODE_SIGN_STYLE = Automatic;
				INFOPLIST_FILE = GitHubTest/Info.plist;
				LD_RUNPATH_SEARCH_PATHS = "$(inherited) @executable_path/Frameworks";
				PRODUCT_BUNDLE_IDENTIFIER = EI.GitHubTest;
				PRODUCT_NAME = "$(TARGET_NAME)";
				SWIFT_VERSION = 4.0;
				TARGETED_DEVICE_FAMILY = "1,2";
			};
			name = Release;
		};
		38E3817B1FDEFB2D00BC2D15 /* Debug */ = {
			isa = XCBuildConfiguration;
			buildSettings = {
				ALWAYS_EMBED_SWIFT_STANDARD_LIBRARIES = YES;
				BUNDLE_LOADER = "$(TEST_HOST)";
				CODE_SIGN_STYLE = Automatic;
				INFOPLIST_FILE = GitHubTestTests/Info.plist;
				LD_RUNPATH_SEARCH_PATHS = "$(inherited) @executable_path/Frameworks @loader_path/Frameworks";
				PRODUCT_BUNDLE_IDENTIFIER = EI.GitHubTestTests;
				PRODUCT_NAME = "$(TARGET_NAME)";
				SWIFT_VERSION = 4.0;
				TARGETED_DEVICE_FAMILY = "1,2";
				TEST_HOST = "$(BUILT_PRODUCTS_DIR)/GitHubTest.app/GitHubTest";
			};
			name = Debug;
		};
		38E3817C1FDEFB2D00BC2D15 /* Release */ = {
			isa = XCBuildConfiguration;
			buildSettings = {
				ALWAYS_EMBED_SWIFT_STANDARD_LIBRARIES = YES;
				BUNDLE_LOADER = "$(TEST_HOST)";
				CODE_SIGN_STYLE = Automatic;
				INFOPLIST_FILE = GitHubTestTests/Info.plist;
				LD_RUNPATH_SEARCH_PATHS = "$(inherited) @executable_path/Frameworks @loader_path/Frameworks";
				PRODUCT_BUNDLE_IDENTIFIER = EI.GitHubTestTests;
				PRODUCT_NAME = "$(TARGET_NAME)";
				SWIFT_VERSION = 4.0;
				TARGETED_DEVICE_FAMILY = "1,2";
				TEST_HOST = "$(BUILT_PRODUCTS_DIR)/GitHubTest.app/GitHubTest";
			};
			name = Release;
		};
		38E3817E1FDEFB2D00BC2D15 /* Debug */ = {
			isa = XCBuildConfiguration;
			buildSettings = {
				ALWAYS_EMBED_SWIFT_STANDARD_LIBRARIES = YES;
				CODE_SIGN_STYLE = Automatic;
				INFOPLIST_FILE = GitHubTestUITests/Info.plist;
				LD_RUNPATH_SEARCH_PATHS = "$(inherited) @executable_path/Frameworks @loader_path/Frameworks";
				PRODUCT_BUNDLE_IDENTIFIER = EI.GitHubTestUITests;
				PRODUCT_NAME = "$(TARGET_NAME)";
				SWIFT_VERSION = 4.0;
				TARGETED_DEVICE_FAMILY = "1,2";
				TEST_TARGET_NAME = GitHubTest;
			};
			name = Debug;
		};
		38E3817F1FDEFB2D00BC2D15 /* Release */ = {
			isa = XCBuildConfiguration;
			buildSettings = {
				ALWAYS_EMBED_SWIFT_STANDARD_LIBRARIES = YES;
				CODE_SIGN_STYLE = Automatic;
				INFOPLIST_FILE = GitHubTestUITests/Info.plist;
				LD_RUNPATH_SEARCH_PATHS = "$(inherited) @executable_path/Frameworks @loader_path/Frameworks";
				PRODUCT_BUNDLE_IDENTIFIER = EI.GitHubTestUITests;
				PRODUCT_NAME = "$(TARGET_NAME)";
				SWIFT_VERSION = 4.0;
				TARGETED_DEVICE_FAMILY = "1,2";
				TEST_TARGET_NAME = GitHubTest;
			};
			name = Release;
		};
/* End XCBuildConfiguration section */

/* Begin XCConfigurationList section */
		38E3814A1FDEFB2D00BC2D15 /* Build configuration list for PBXProject "GitHubTest" */ = {
			isa = XCConfigurationList;
			buildConfigurations = (
				38E381751FDEFB2D00BC2D15 /* Debug */,
				38E381761FDEFB2D00BC2D15 /* Release */,
			);
			defaultConfigurationIsVisible = 0;
			defaultConfigurationName = Release;
		};
		38E381771FDEFB2D00BC2D15 /* Build configuration list for PBXNativeTarget "GitHubTest" */ = {
			isa = XCConfigurationList;
			buildConfigurations = (
				38E381781FDEFB2D00BC2D15 /* Debug */,
				38E381791FDEFB2D00BC2D15 /* Release */,
			);
			defaultConfigurationIsVisible = 0;
			defaultConfigurationName = Release;
		};
		38E3817A1FDEFB2D00BC2D15 /* Build configuration list for PBXNativeTarget "GitHubTestTests" */ = {
			isa = XCConfigurationList;
			buildConfigurations = (
				38E3817B1FDEFB2D00BC2D15 /* Debug */,
				38E3817C1FDEFB2D00BC2D15 /* Release */,
			);
			defaultConfigurationIsVisible = 0;
			defaultConfigurationName = Release;
		};
		38E3817D1FDEFB2D00BC2D15 /* Build configuration list for PBXNativeTarget "GitHubTestUITests" */ = {
			isa = XCConfigurationList;
			buildConfigurations = (
				38E3817E1FDEFB2D00BC2D15 /* Debug */,
				38E3817F1FDEFB2D00BC2D15 /* Release */,
			);
			defaultConfigurationIsVisible = 0;
			defaultConfigurationName = Release;
		};
/* End XCConfigurationList section */
	};
	rootObject = 38E381471FDEFB2D00BC2D15 /* Project object */;
}
